
Microsoft Visual Studio Solution File, Format Version 12.00
# Visual Studio Version 17
VisualStudioVersion = 17.7.34221.43
MinimumVisualStudioVersion = 10.0.40219.1
Project("{9A19103F-16F7-4668-BE54-9A1E7A4F7556}") = "RedisDemo.API", "RedisDemo.API\RedisDemo.API.csproj", "{A01024EF-8969-4641-A069-AF6B7933B2A4}"
EndProject
Project("{9A19103F-16F7-4668-BE54-9A1E7A4F7556}") = "RedisDemo.Data", "RedisDemo.Data\RedisDemo.Data.csproj", "{B51BADE3-CA37-4E43-8A8D-6FBCD6746CB7}"
EndProject
Project("{9A19103F-16F7-4668-BE54-9A1E7A4F7556}") = "RedisDemo.Services", "RedisDemo.Services\RedisDemo.Services.csproj", "{C79D2F08-5353-4867-880F-CF7597000236}"
EndProject
Project("{9A19103F-16F7-4668-BE54-9A1E7A4F7556}") = "RedisDemo.CompositionRoot", "RedisDemo.CompositionRoot\RedisDemo.CompositionRoot.csproj", "{DE0555D6-EB7D-40D4-847B-C00069C8C91F}"
EndProject
Project("{9A19103F-16F7-4668-BE54-9A1E7A4F7556}") = "RedisDemo.Benchmark", "RedisDemo.Benchmark\RedisDemo.Benchmark.csproj", "{B98B56F5-9F3A-462F-8F16-9907F4DE500E}"
EndProject
Project("{9A19103F-16F7-4668-BE54-9A1E7A4F7556}") = "RedisDemo.Models", "RedisDemo.Models\RedisDemo.Models.csproj", "{0A90575D-A3B6-417C-A9F7-6F330597C1F7}"
EndProject
Global
	GlobalSection(SolutionConfigurationPlatforms) = preSolution
		Debug|Any CPU = Debug|Any CPU
		Release|Any CPU = Release|Any CPU
	EndGlobalSection
	GlobalSection(ProjectConfigurationPlatforms) = postSolution
		{A01024EF-8969-4641-A069-AF6B7933B2A4}.Debug|Any CPU.ActiveCfg = Debug|Any CPU
		{A01024EF-8969-4641-A069-AF6B7933B2A4}.Debug|Any CPU.Build.0 = Debug|Any CPU
		{A01024EF-8969-4641-A069-AF6B7933B2A4}.Release|Any CPU.ActiveCfg = Release|Any CPU
		{A01024EF-8969-4641-A069-AF6B7933B2A4}.Release|Any CPU.Build.0 = Release|Any CPU
		{B51BADE3-CA37-4E43-8A8D-6FBCD6746CB7}.Debug|Any CPU.ActiveCfg = Debug|Any CPU
		{B51BADE3-CA37-4E43-8A8D-6FBCD6746CB7}.Debug|Any CPU.Build.0 = Debug|Any CPU
		{B51BADE3-CA37-4E43-8A8D-6FBCD6746CB7}.Release|Any CPU.ActiveCfg = Release|Any CPU
		{B51BADE3-CA37-4E43-8A8D-6FBCD6746CB7}.Release|Any CPU.Build.0 = Release|Any CPU
		{C79D2F08-5353-4867-880F-CF7597000236}.Debug|Any CPU.ActiveCfg = Debug|Any CPU
		{C79D2F08-5353-4867-880F-CF7597000236}.Debug|Any CPU.Build.0 = Debug|Any CPU
		{C79D2F08-5353-4867-880F-CF7597000236}.Release|Any CPU.ActiveCfg = Release|Any CPU
		{C79D2F08-5353-4867-880F-CF7597000236}.Release|Any CPU.Build.0 = Release|Any CPU
		{DE0555D6-EB7D-40D4-847B-C00069C8C91F}.Debug|Any CPU.ActiveCfg = Debug|Any CPU
		{DE0555D6-EB7D-40D4-847B-C00069C8C91F}.Debug|Any CPU.Build.0 = Debug|Any CPU
		{DE0555D6-EB7D-40D4-847B-C00069C8C91F}.Release|Any CPU.ActiveCfg = Release|Any CPU
		{DE0555D6-EB7D-40D4-847B-C00069C8C91F}.Release|Any CPU.Build.0 = Release|Any CPU
		{B98B56F5-9F3A-462F-8F16-9907F4DE500E}.Debug|Any CPU.ActiveCfg = Debug|Any CPU
		{B98B56F5-9F3A-462F-8F16-9907F4DE500E}.Debug|Any CPU.Build.0 = Debug|Any CPU
		{B98B56F5-9F3A-462F-8F16-9907F4DE500E}.Release|Any CPU.ActiveCfg = Release|Any CPU
		{B98B56F5-9F3A-462F-8F16-9907F4DE500E}.Release|Any CPU.Build.0 = Release|Any CPU
		{0A90575D-A3B6-417C-A9F7-6F330597C1F7}.Debug|Any CPU.ActiveCfg = Debug|Any CPU
		{0A90575D-A3B6-417C-A9F7-6F330597C1F7}.Debug|Any CPU.Build.0 = Debug|Any CPU
		{0A90575D-A3B6-417C-A9F7-6F330597C1F7}.Release|Any CPU.ActiveCfg = Release|Any CPU
		{0A90575D-A3B6-417C-A9F7-6F330597C1F7}.Release|Any CPU.Build.0 = Release|Any CPU
	EndGlobalSection
	GlobalSection(SolutionProperties) = preSolution
		HideSolutionNode = FALSE
	EndGlobalSection
	GlobalSection(ExtensibilityGlobals) = postSolution
		SolutionGuid = {C057E117-F63C-4BF9-AAD1-8E55D82BDBFE}
	EndGlobalSection
EndGlobal
